
Microsoft Visual Studio Solution File, Format Version 12.00
# Visual Studio Version 17
VisualStudioVersion = 17.4.33403.182
MinimumVisualStudioVersion = 10.0.40219.1
Project("{FAE04EC0-301F-11D3-BF4B-00C04F79EFBC}") = "baithuchanh1302", "baithuchanh1302\baithuchanh1302.csproj", "{EDAD598D-7E1A-4EA0-917C-7FAD0137D8F2}"
EndProject
Global
	GlobalSection(SolutionConfigurationPlatforms) = preSolution
		Debug|Any CPU = Debug|Any CPU
		Release|Any CPU = Release|Any CPU
	EndGlobalSection
	GlobalSection(ProjectConfigurationPlatforms) = postSolution
		{EDAD598D-7E1A-4EA0-917C-7FAD0137D8F2}.Debug|Any CPU.ActiveCfg = Debug|Any CPU
		{EDAD598D-7E1A-4EA0-917C-7FAD0137D8F2}.Debug|Any CPU.Build.0 = Debug|Any CPU
		{EDAD598D-7E1A-4EA0-917C-7FAD0137D8F2}.Release|Any CPU.ActiveCfg = Release|Any CPU
		{EDAD598D-7E1A-4EA0-917C-7FAD0137D8F2}.Release|Any CPU.Build.0 = Release|Any CPU
	EndGlobalSection
	GlobalSection(SolutionProperties) = preSolution
		HideSolutionNode = FALSE
	EndGlobalSection
	GlobalSection(ExtensibilityGlobals) = postSolution
		SolutionGuid = {3FD958C7-C5D4-41C5-BE80-74F67F96824C}
	EndGlobalSection
EndGlobal
